<?xml version="1.0" encoding="utf-8"?>
<Project ToolsVersion="4.0" xmlns="http://schemas.microsoft.com/developer/msbuild/2003">
  <ItemGroup>
    <Filter Include="Header Files">
      <UniqueIdentifier>{93995380-89BD-4b04-88EB-625FBE52EBFB}</UniqueIdentifier>
      <Extensions>h;hh;hpp;hxx;h++;hm;inl;inc;ipp;xsd</Extensions>
    </Filter>
    <Filter Include="Source Files">
      <UniqueIdentifier>{4FC737F1-C7A5-4376-A066-2A32D752A2FF}</UniqueIdentifier>
      <Extensions>cpp;c;cc;cxx;c++;cppm;ixx;def;odl;idl;hpj;bat;asm;asmx</Extensions>
    </Filter>
    <Filter Include="Resource Files">
      <UniqueIdentifier>{67DA6AB6-F800-4c08-8B7A-83BB121AAD01}</UniqueIdentifier>
      <Extensions>rc;ico;cur;bmp;dlg;rc2;rct;bin;rgs;gif;jpg;jpeg;jpe;resx;tiff;tif;png;wav;mfcribbon-ms</Extensions>
    </Filter>
    <Filter Include="pubkey">
      <UniqueIdentifier>{ac81141a-61a1-4dcf-8f5c-33b2003799a5}</UniqueIdentifier>
    </Filter>
    <Filter Include="pubkey\rsa">
      <UniqueIdentifier>{fbffd631-5659-427d-bf2b-03579ef56148}</UniqueIdentifier>
    </Filter>
    <Filter Include="tls">
      <UniqueIdentifier>{7d248035-c058-46a7-b113-a30ff5667623}</UniqueIdentifier>
    </Filter>
  </ItemGroup>
  <ItemGroup>
    <ClCompile Include="test.cpp">
      <Filter>Source Files</Filter>
    </ClCompile>
    <ClCompile Include="pubkey\rsa\EVP_PKEY_RSA_keygen.c.cpp">
      <Filter>pubkey\rsa</Filter>
    </ClCompile>
    <ClCompile Include="tls\tls_client.c">
      <Filter>tls</Filter>
    </ClCompile>
    <ClCompile Include="tls\tls_server.c">
      <Filter>tls</Filter>
    </ClCompile>
    <ClCompile Include="tls\tls_ctx.c">
      <Filter>tls</Filter>
    </ClCompile>
  </ItemGroup>
  <ItemGroup>
    <ClInclude Include="pubkey\rsa\rsa.h">
      <Filter>pubkey\rsa</Filter>
    </ClInclude>
    <ClInclude Include="tls\tls_client.h">
      <Filter>tls</Filter>
    </ClInclude>
    <ClInclude Include="tls\tls_server.h">
      <Filter>tls</Filter>
    </ClInclude>
    <ClInclude Include="tls\tls_ctx.h">
      <Filter>tls</Filter>
    </ClInclude>
  </ItemGroup>
</Project>